// !$*UTF8*$!
{
	archiveVersion = 1;
	classes = {
	};
	objectVersion = 56;
	objects = {

/* Begin PBXBuildFile section */
		30EB34BF29426DAE0021340B /* ConversionRatesApp.swift in Sources */ = {isa = PBXBuildFile; fileRef = 30EB34BE29426DAE0021340B /* ConversionRatesApp.swift */; };
		30EB34C129426DAE0021340B /* ConversionRatesView.swift in Sources */ = {isa = PBXBuildFile; fileRef = 30EB34C029426DAE0021340B /* ConversionRatesView.swift */; };
		30EB34C329426DB00021340B /* Assets.xcassets in Resources */ = {isa = PBXBuildFile; fileRef = 30EB34C229426DB00021340B /* Assets.xcassets */; };
		30EB34C629426DB00021340B /* Preview Assets.xcassets in Resources */ = {isa = PBXBuildFile; fileRef = 30EB34C529426DB00021340B /* Preview Assets.xcassets */; };
		30EB34D6294273730021340B /* HTTPClient.swift in Sources */ = {isa = PBXBuildFile; fileRef = 30EB34D5294273730021340B /* HTTPClient.swift */; };
		30EB34D82942739E0021340B /* URLSessionHTTPClient.swift in Sources */ = {isa = PBXBuildFile; fileRef = 30EB34D72942739E0021340B /* URLSessionHTTPClient.swift */; };
		30EB34DB2942746C0021340B /* ConversionRateDTO.swift in Sources */ = {isa = PBXBuildFile; fileRef = 30EB34DA2942746C0021340B /* ConversionRateDTO.swift */; };
		30EB34E12942755D0021340B /* ConversionRate.swift in Sources */ = {isa = PBXBuildFile; fileRef = 30EB34E02942755D0021340B /* ConversionRate.swift */; };
		30EB34E3294276690021340B /* ConversionRatesMapper.swift in Sources */ = {isa = PBXBuildFile; fileRef = 30EB34E2294276690021340B /* ConversionRatesMapper.swift */; };
		30EB34E52942784C0021340B /* ConversionRatesLoader.swift in Sources */ = {isa = PBXBuildFile; fileRef = 30EB34E42942784C0021340B /* ConversionRatesLoader.swift */; };
		30EB34E7294278C40021340B /* RemoteConversionRatesLoader.swift in Sources */ = {isa = PBXBuildFile; fileRef = 30EB34E6294278C40021340B /* RemoteConversionRatesLoader.swift */; };
		30EB34EA2942826F0021340B /* ConversionRatesViewModel.swift in Sources */ = {isa = PBXBuildFile; fileRef = 30EB34E92942826F0021340B /* ConversionRatesViewModel.swift */; };
		30EB34EC29428B590021340B /* ConversionRateItemViewModel.swift in Sources */ = {isa = PBXBuildFile; fileRef = 30EB34EB29428B590021340B /* ConversionRateItemViewModel.swift */; };
		30EB34EE29428B7E0021340B /* ConversionState.swift in Sources */ = {isa = PBXBuildFile; fileRef = 30EB34ED29428B7E0021340B /* ConversionState.swift */; };
/* End PBXBuildFile section */

/* Begin PBXFileReference section */
		30EB34BB29426DAE0021340B /* ConversionRates.app */ = {isa = PBXFileReference; explicitFileType = wrapper.application; includeInIndex = 0; path = ConversionRates.app; sourceTree = BUILT_PRODUCTS_DIR; };
		30EB34BE29426DAE0021340B /* ConversionRatesApp.swift */ = {isa = PBXFileReference; lastKnownFileType = sourcecode.swift; path = ConversionRatesApp.swift; sourceTree = "<group>"; };
		30EB34C029426DAE0021340B /* ConversionRatesView.swift */ = {isa = PBXFileReference; lastKnownFileType = sourcecode.swift; path = ConversionRatesView.swift; sourceTree = "<group>"; };
		30EB34C229426DB00021340B /* Assets.xcassets */ = {isa = PBXFileReference; lastKnownFileType = folder.assetcatalog; path = Assets.xcassets; sourceTree = "<group>"; };
		30EB34C529426DB00021340B /* Preview Assets.xcassets */ = {isa = PBXFileReference; lastKnownFileType = folder.assetcatalog; path = "Preview Assets.xcassets"; sourceTree = "<group>"; };
		30EB34D5294273730021340B /* HTTPClient.swift */ = {isa = PBXFileReference; lastKnownFileType = sourcecode.swift; path = HTTPClient.swift; sourceTree = "<group>"; };
		30EB34D72942739E0021340B /* URLSessionHTTPClient.swift */ = {isa = PBXFileReference; lastKnownFileType = sourcecode.swift; path = URLSessionHTTPClient.swift; sourceTree = "<group>"; };
		30EB34DA2942746C0021340B /* ConversionRateDTO.swift */ = {isa = PBXFileReference; lastKnownFileType = sourcecode.swift; path = ConversionRateDTO.swift; sourceTree = "<group>"; };
		30EB34E02942755D0021340B /* ConversionRate.swift */ = {isa = PBXFileReference; lastKnownFileType = sourcecode.swift; path = ConversionRate.swift; sourceTree = "<group>"; };
		30EB34E2294276690021340B /* ConversionRatesMapper.swift */ = {isa = PBXFileReference; lastKnownFileType = sourcecode.swift; path = ConversionRatesMapper.swift; sourceTree = "<group>"; };
		30EB34E42942784C0021340B /* ConversionRatesLoader.swift */ = {isa = PBXFileReference; lastKnownFileType = sourcecode.swift; path = ConversionRatesLoader.swift; sourceTree = "<group>"; };
		30EB34E6294278C40021340B /* RemoteConversionRatesLoader.swift */ = {isa = PBXFileReference; lastKnownFileType = sourcecode.swift; path = RemoteConversionRatesLoader.swift; sourceTree = "<group>"; };
		30EB34E92942826F0021340B /* ConversionRatesViewModel.swift */ = {isa = PBXFileReference; lastKnownFileType = sourcecode.swift; path = ConversionRatesViewModel.swift; sourceTree = "<group>"; };
		30EB34EB29428B590021340B /* ConversionRateItemViewModel.swift */ = {isa = PBXFileReference; lastKnownFileType = sourcecode.swift; path = ConversionRateItemViewModel.swift; sourceTree = "<group>"; };
		30EB34ED29428B7E0021340B /* ConversionState.swift */ = {isa = PBXFileReference; lastKnownFileType = sourcecode.swift; path = ConversionState.swift; sourceTree = "<group>"; };
/* End PBXFileReference section */

/* Begin PBXFrameworksBuildPhase section */
		30EB34B829426DAE0021340B /* Frameworks */ = {
			isa = PBXFrameworksBuildPhase;
			buildActionMask = 2147483647;
			files = (
			);
			runOnlyForDeploymentPostprocessing = 0;
		};
/* End PBXFrameworksBuildPhase section */

/* Begin PBXGroup section */
		30EB34B229426DAE0021340B = {
			isa = PBXGroup;
			children = (
				30EB34BD29426DAE0021340B /* ConversionRates */,
				30EB34BC29426DAE0021340B /* Products */,
			);
			sourceTree = "<group>";
		};
		30EB34BC29426DAE0021340B /* Products */ = {
			isa = PBXGroup;
			children = (
				30EB34BB29426DAE0021340B /* ConversionRates.app */,
			);
			name = Products;
			sourceTree = "<group>";
		};
		30EB34BD29426DAE0021340B /* ConversionRates */ = {
			isa = PBXGroup;
			children = (
				30EB34CD29426EDC0021340B /* Common */,
				30EB34CC29426ED50021340B /* Features */,
				30EB34C429426DB00021340B /* Preview Content */,
			);
			path = ConversionRates;
			sourceTree = "<group>";
		};
		30EB34C429426DB00021340B /* Preview Content */ = {
			isa = PBXGroup;
			children = (
				30EB34C529426DB00021340B /* Preview Assets.xcassets */,
			);
			path = "Preview Content";
			sourceTree = "<group>";
		};
		30EB34CC29426ED50021340B /* Features */ = {
			isa = PBXGroup;
			children = (
				30EB34CE29426EE90021340B /* Conversion Rates */,
			);
			path = Features;
			sourceTree = "<group>";
		};
		30EB34CD29426EDC0021340B /* Common */ = {
			isa = PBXGroup;
			children = (
				30EB34DD294274AE0021340B /* Assets */,
				30EB34DC294274A10021340B /* Views */,
				30EB34D029426F750021340B /* Api */,
			);
			path = Common;
			sourceTree = "<group>";
		};
		30EB34CE29426EE90021340B /* Conversion Rates */ = {
			isa = PBXGroup;
			children = (
				30EB34E8294281720021340B /* ViewModels */,
				30EB34DF294274F80021340B /* Models */,
				30EB34DE294274DA0021340B /* Api */,
				30EB34CF29426F110021340B /* Views */,
			);
			path = "Conversion Rates";
			sourceTree = "<group>";
		};
		30EB34CF29426F110021340B /* Views */ = {
			isa = PBXGroup;
			children = (
				30EB34C029426DAE0021340B /* ConversionRatesView.swift */,
			);
			path = Views;
			sourceTree = "<group>";
		};
		30EB34D029426F750021340B /* Api */ = {
			isa = PBXGroup;
			children = (
				30EB34D5294273730021340B /* HTTPClient.swift */,
				30EB34D72942739E0021340B /* URLSessionHTTPClient.swift */,
				30EB34E2294276690021340B /* ConversionRatesMapper.swift */,
			);
			path = Api;
			sourceTree = "<group>";
		};
		30EB34DC294274A10021340B /* Views */ = {
			isa = PBXGroup;
			children = (
				30EB34BE29426DAE0021340B /* ConversionRatesApp.swift */,
			);
			path = Views;
			sourceTree = "<group>";
		};
		30EB34DD294274AE0021340B /* Assets */ = {
			isa = PBXGroup;
			children = (
				30EB34C229426DB00021340B /* Assets.xcassets */,
			);
			path = Assets;
			sourceTree = "<group>";
		};
		30EB34DE294274DA0021340B /* Api */ = {
			isa = PBXGroup;
			children = (
				30EB34DA2942746C0021340B /* ConversionRateDTO.swift */,
				30EB34E42942784C0021340B /* ConversionRatesLoader.swift */,
				30EB34E6294278C40021340B /* RemoteConversionRatesLoader.swift */,
			);
			path = Api;
			sourceTree = "<group>";
		};
		30EB34DF294274F80021340B /* Models */ = {
			isa = PBXGroup;
			children = (
				30EB34E02942755D0021340B /* ConversionRate.swift */,
			);
			path = Models;
			sourceTree = "<group>";
		};
		30EB34E8294281720021340B /* ViewModels */ = {
			isa = PBXGroup;
			children = (
				30EB34E92942826F0021340B /* ConversionRatesViewModel.swift */,
				30EB34EB29428B590021340B /* ConversionRateItemViewModel.swift */,
				30EB34ED29428B7E0021340B /* ConversionState.swift */,
			);
			path = ViewModels;
			sourceTree = "<group>";
		};
/* End PBXGroup section */

/* Begin PBXNativeTarget section */
		30EB34BA29426DAE0021340B /* ConversionRates */ = {
			isa = PBXNativeTarget;
			buildConfigurationList = 30EB34C929426DB00021340B /* Build configuration list for PBXNativeTarget "ConversionRates" */;
			buildPhases = (
				30EB34B729426DAE0021340B /* Sources */,
				30EB34B829426DAE0021340B /* Frameworks */,
				30EB34B929426DAE0021340B /* Resources */,
			);
			buildRules = (
			);
			dependencies = (
			);
			name = ConversionRates;
			productName = ConversionRates;
			productReference = 30EB34BB29426DAE0021340B /* ConversionRates.app */;
			productType = "com.apple.product-type.application";
		};
/* End PBXNativeTarget section */

/* Begin PBXProject section */
		30EB34B329426DAE0021340B /* Project object */ = {
			isa = PBXProject;
			attributes = {
				BuildIndependentTargetsInParallel = 1;
				LastSwiftUpdateCheck = 1410;
				LastUpgradeCheck = 1410;
				TargetAttributes = {
					30EB34BA29426DAE0021340B = {
						CreatedOnToolsVersion = 14.1;
					};
				};
			};
			buildConfigurationList = 30EB34B629426DAE0021340B /* Build configuration list for PBXProject "ConversionRates" */;
			compatibilityVersion = "Xcode 14.0";
			developmentRegion = en;
			hasScannedForEncodings = 0;
			knownRegions = (
				en,
				Base,
			);
			mainGroup = 30EB34B229426DAE0021340B;
			productRefGroup = 30EB34BC29426DAE0021340B /* Products */;
			projectDirPath = "";
			projectRoot = "";
			targets = (
				30EB34BA29426DAE0021340B /* ConversionRates */,
			);
		};
/* End PBXProject section */

/* Begin PBXResourcesBuildPhase section */
		30EB34B929426DAE0021340B /* Resources */ = {
			isa = PBXResourcesBuildPhase;
			buildActionMask = 2147483647;
			files = (
				30EB34C629426DB00021340B /* Preview Assets.xcassets in Resources */,
				30EB34C329426DB00021340B /* Assets.xcassets in Resources */,
			);
			runOnlyForDeploymentPostprocessing = 0;
		};
/* End PBXResourcesBuildPhase section */

/* Begin PBXSourcesBuildPhase section */
		30EB34B729426DAE0021340B /* Sources */ = {
			isa = PBXSourcesBuildPhase;
			buildActionMask = 2147483647;
			files = (
				30EB34E3294276690021340B /* ConversionRatesMapper.swift in Sources */,
				30EB34C129426DAE0021340B /* ConversionRatesView.swift in Sources */,
				30EB34EA2942826F0021340B /* ConversionRatesViewModel.swift in Sources */,
				30EB34EE29428B7E0021340B /* ConversionState.swift in Sources */,
				30EB34E52942784C0021340B /* ConversionRatesLoader.swift in Sources */,
				30EB34DB2942746C0021340B /* ConversionRateDTO.swift in Sources */,
				30EB34EC29428B590021340B /* ConversionRateItemViewModel.swift in Sources */,
				30EB34BF29426DAE0021340B /* ConversionRatesApp.swift in Sources */,
				30EB34E7294278C40021340B /* RemoteConversionRatesLoader.swift in Sources */,
				30EB34E12942755D0021340B /* ConversionRate.swift in Sources */,
				30EB34D6294273730021340B /* HTTPClient.swift in Sources */,
				30EB34D82942739E0021340B /* URLSessionHTTPClient.swift in Sources */,
			);
			runOnlyForDeploymentPostprocessing = 0;
		};
/* End PBXSourcesBuildPhase section */

/* Begin XCBuildConfiguration section */
		30EB34C729426DB00021340B /* Debug */ = {
			isa = XCBuildConfiguration;
			buildSettings = {
				ALWAYS_SEARCH_USER_PATHS = NO;
				CLANG_ANALYZER_NONNULL = YES;
				CLANG_ANALYZER_NUMBER_OBJECT_CONVERSION = YES_AGGRESSIVE;
				CLANG_CXX_LANGUAGE_STANDARD = "gnu++20";
				CLANG_ENABLE_MODULES = YES;
				CLANG_ENABLE_OBJC_ARC = YES;
				CLANG_ENABLE_OBJC_WEAK = YES;
				CLANG_WARN_BLOCK_CAPTURE_AUTORELEASING = YES;
				CLANG_WARN_BOOL_CONVERSION = YES;
				CLANG_WARN_COMMA = YES;
				CLANG_WARN_CONSTANT_CONVERSION = YES;
				CLANG_WARN_DEPRECATED_OBJC_IMPLEMENTATIONS = YES;
				CLANG_WARN_DIRECT_OBJC_ISA_USAGE = YES_ERROR;
				CLANG_WARN_DOCUMENTATION_COMMENTS = YES;
				CLANG_WARN_EMPTY_BODY = YES;
				CLANG_WARN_ENUM_CONVERSION = YES;
				CLANG_WARN_INFINITE_RECURSION = YES;
				CLANG_WARN_INT_CONVERSION = YES;
				CLANG_WARN_NON_LITERAL_NULL_CONVERSION = YES;
				CLANG_WARN_OBJC_IMPLICIT_RETAIN_SELF = YES;
				CLANG_WARN_OBJC_LITERAL_CONVERSION = YES;
				CLANG_WARN_OBJC_ROOT_CLASS = YES_ERROR;
				CLANG_WARN_QUOTED_INCLUDE_IN_FRAMEWORK_HEADER = YES;
				CLANG_WARN_RANGE_LOOP_ANALYSIS = YES;
				CLANG_WARN_STRICT_PROTOTYPES = YES;
				CLANG_WARN_SUSPICIOUS_MOVE = YES;
				CLANG_WARN_UNGUARDED_AVAILABILITY = YES_AGGRESSIVE;
				CLANG_WARN_UNREACHABLE_CODE = YES;
				CLANG_WARN__DUPLICATE_METHOD_MATCH = YES;
				COPY_PHASE_STRIP = NO;
				DEBUG_INFORMATION_FORMAT = dwarf;
				ENABLE_STRICT_OBJC_MSGSEND = YES;
				ENABLE_TESTABILITY = YES;
				GCC_C_LANGUAGE_STANDARD = gnu11;
				GCC_DYNAMIC_NO_PIC = NO;
				GCC_NO_COMMON_BLOCKS = YES;
				GCC_OPTIMIZATION_LEVEL = 0;
				GCC_PREPROCESSOR_DEFINITIONS = (
					"DEBUG=1",
					"$(inherited)",
				);
				GCC_WARN_64_TO_32_BIT_CONVERSION = YES;
				GCC_WARN_ABOUT_RETURN_TYPE = YES_ERROR;
				GCC_WARN_UNDECLARED_SELECTOR = YES;
				GCC_WARN_UNINITIALIZED_AUTOS = YES_AGGRESSIVE;
				GCC_WARN_UNUSED_FUNCTION = YES;
				GCC_WARN_UNUSED_VARIABLE = YES;
				IPHONEOS_DEPLOYMENT_TARGET = 15.0;
				MTL_ENABLE_DEBUG_INFO = INCLUDE_SOURCE;
				MTL_FAST_MATH = YES;
				ONLY_ACTIVE_ARCH = YES;
				SDKROOT = iphoneos;
				SWIFT_ACTIVE_COMPILATION_CONDITIONS = DEBUG;
				SWIFT_OPTIMIZATION_LEVEL = "-Onone";
			};
			name = Debug;
		};
		30EB34C829426DB00021340B /* Release */ = {
			isa = XCBuildConfiguration;
			buildSettings = {
				ALWAYS_SEARCH_USER_PATHS = NO;
				CLANG_ANALYZER_NONNULL = YES;
				CLANG_ANALYZER_NUMBER_OBJECT_CONVERSION = YES_AGGRESSIVE;
				CLANG_CXX_LANGUAGE_STANDARD = "gnu++20";
				CLANG_ENABLE_MODULES = YES;
				CLANG_ENABLE_OBJC_ARC = YES;
				CLANG_ENABLE_OBJC_WEAK = YES;
				CLANG_WARN_BLOCK_CAPTURE_AUTORELEASING = YES;
				CLANG_WARN_BOOL_CONVERSION = YES;
				CLANG_WARN_COMMA = YES;
				CLANG_WARN_CONSTANT_CONVERSION = YES;
				CLANG_WARN_DEPRECATED_OBJC_IMPLEMENTATIONS = YES;
				CLANG_WARN_DIRECT_OBJC_ISA_USAGE = YES_ERROR;
				CLANG_WARN_DOCUMENTATION_COMMENTS = YES;
				CLANG_WARN_EMPTY_BODY = YES;
				CLANG_WARN_ENUM_CONVERSION = YES;
				CLANG_WARN_INFINITE_RECURSION = YES;
				CLANG_WARN_INT_CONVERSION = YES;
				CLANG_WARN_NON_LITERAL_NULL_CONVERSION = YES;
				CLANG_WARN_OBJC_IMPLICIT_RETAIN_SELF = YES;
				CLANG_WARN_OBJC_LITERAL_CONVERSION = YES;
				CLANG_WARN_OBJC_ROOT_CLASS = YES_ERROR;
				CLANG_WARN_QUOTED_INCLUDE_IN_FRAMEWORK_HEADER = YES;
				CLANG_WARN_RANGE_LOOP_ANALYSIS = YES;
				CLANG_WARN_STRICT_PROTOTYPES = YES;
				CLANG_WARN_SUSPICIOUS_MOVE = YES;
				CLANG_WARN_UNGUARDED_AVAILABILITY = YES_AGGRESSIVE;
				CLANG_WARN_UNREACHABLE_CODE = YES;
				CLANG_WARN__DUPLICATE_METHOD_MATCH = YES;
				COPY_PHASE_STRIP = NO;
				DEBUG_INFORMATION_FORMAT = "dwarf-with-dsym";
				ENABLE_NS_ASSERTIONS = NO;
				ENABLE_STRICT_OBJC_MSGSEND = YES;
				GCC_C_LANGUAGE_STANDARD = gnu11;
				GCC_NO_COMMON_BLOCKS = YES;
				GCC_WARN_64_TO_32_BIT_CONVERSION = YES;
				GCC_WARN_ABOUT_RETURN_TYPE = YES_ERROR;
				GCC_WARN_UNDECLARED_SELECTOR = YES;
				GCC_WARN_UNINITIALIZED_AUTOS = YES_AGGRESSIVE;
				GCC_WARN_UNUSED_FUNCTION = YES;
				GCC_WARN_UNUSED_VARIABLE = YES;
				IPHONEOS_DEPLOYMENT_TARGET = 15.0;
				MTL_ENABLE_DEBUG_INFO = NO;
				MTL_FAST_MATH = YES;
				SDKROOT = iphoneos;
				SWIFT_COMPILATION_MODE = wholemodule;
				SWIFT_OPTIMIZATION_LEVEL = "-O";
				VALIDATE_PRODUCT = YES;
			};
			name = Release;
		};
		30EB34CA29426DB00021340B /* Debug */ = {
			isa = XCBuildConfiguration;
			buildSettings = {
				ASSETCATALOG_COMPILER_APPICON_NAME = AppIcon;
				ASSETCATALOG_COMPILER_GLOBAL_ACCENT_COLOR_NAME = AccentColor;
				CODE_SIGN_STYLE = Automatic;
				CURRENT_PROJECT_VERSION = 1;
				DEVELOPMENT_ASSET_PATHS = "\"ConversionRates/Preview Content\"";
				DEVELOPMENT_TEAM = UP6CV4G6N4;
				ENABLE_PREVIEWS = YES;
				GENERATE_INFOPLIST_FILE = YES;
				INFOPLIST_KEY_LSApplicationCategoryType = "public.app-category.finance";
				INFOPLIST_KEY_UIApplicationSceneManifest_Generation = YES;
				INFOPLIST_KEY_UIApplicationSupportsIndirectInputEvents = YES;
				INFOPLIST_KEY_UILaunchScreen_Generation = YES;
				INFOPLIST_KEY_UISupportedInterfaceOrientations = UIInterfaceOrientationPortrait;
				INFOPLIST_KEY_UISupportedInterfaceOrientations_iPad = "UIInterfaceOrientationLandscapeLeft UIInterfaceOrientationLandscapeRight UIInterfaceOrientationPortrait UIInterfaceOrientationPortraitUpsideDown";
				IPHONEOS_DEPLOYMENT_TARGET = 15.0;
				LD_RUNPATH_SEARCH_PATHS = (
					"$(inherited)",
					"@executable_path/Frameworks",
				);
				MARKETING_VERSION = 1.0;
				PRODUCT_BUNDLE_IDENTIFIER = com.romanbohun.ConversionRates;
				PRODUCT_NAME = "$(TARGET_NAME)";
				SUPPORTED_PLATFORMS = "iphoneos iphonesimulator";
				SUPPORTS_MACCATALYST = NO;
				SUPPORTS_MAC_DESIGNED_FOR_IPHONE_IPAD = NO;
				SWIFT_EMIT_LOC_STRINGS = YES;
				SWIFT_VERSION = 5.0;
				TARGETED_DEVICE_FAMILY = 1;
			};
			name = Debug;
		};
		30EB34CB29426DB00021340B /* Release */ = {
			isa = XCBuildConfiguration;
			buildSettings = {
				ASSETCATALOG_COMPILER_APPICON_NAME = AppIcon;
				ASSETCATALOG_COMPILER_GLOBAL_ACCENT_COLOR_NAME = AccentColor;
				CODE_SIGN_STYLE = Automatic;
				CURRENT_PROJECT_VERSION = 1;
				DEVELOPMENT_ASSET_PATHS = "\"ConversionRates/Preview Content\"";
				DEVELOPMENT_TEAM = UP6CV4G6N4;
				ENABLE_PREVIEWS = YES;
				GENERATE_INFOPLIST_FILE = YES;
				INFOPLIST_KEY_LSApplicationCategoryType = "public.app-category.finance";
				INFOPLIST_KEY_UIApplicationSceneManifest_Generation = YES;
				INFOPLIST_KEY_UIApplicationSupportsIndirectInputEvents = YES;
				INFOPLIST_KEY_UILaunchScreen_Generation = YES;
				INFOPLIST_KEY_UISupportedInterfaceOrientations = UIInterfaceOrientationPortrait;
				INFOPLIST_KEY_UISupportedInterfaceOrientations_iPad = "UIInterfaceOrientationLandscapeLeft UIInterfaceOrientationLandscapeRight UIInterfaceOrientationPortrait UIInterfaceOrientationPortraitUpsideDown";
				IPHONEOS_DEPLOYMENT_TARGET = 15.0;
				LD_RUNPATH_SEARCH_PATHS = (
					"$(inherited)",
					"@executable_path/Frameworks",
				);
				MARKETING_VERSION = 1.0;
				PRODUCT_BUNDLE_IDENTIFIER = com.romanbohun.ConversionRates;
				PRODUCT_NAME = "$(TARGET_NAME)";
				SUPPORTED_PLATFORMS = "iphoneos iphonesimulator";
				SUPPORTS_MACCATALYST = NO;
				SUPPORTS_MAC_DESIGNED_FOR_IPHONE_IPAD = NO;
				SWIFT_EMIT_LOC_STRINGS = YES;
				SWIFT_VERSION = 5.0;
				TARGETED_DEVICE_FAMILY = 1;
			};
			name = Release;
		};
/* End XCBuildConfiguration section */

/* Begin XCConfigurationList section */
		30EB34B629426DAE0021340B /* Build configuration list for PBXProject "ConversionRates" */ = {
			isa = XCConfigurationList;
			buildConfigurations = (
				30EB34C729426DB00021340B /* Debug */,
				30EB34C829426DB00021340B /* Release */,
			);
			defaultConfigurationIsVisible = 0;
			defaultConfigurationName = Release;
		};
		30EB34C929426DB00021340B /* Build configuration list for PBXNativeTarget "ConversionRates" */ = {
			isa = XCConfigurationList;
			buildConfigurations = (
				30EB34CA29426DB00021340B /* Debug */,
				30EB34CB29426DB00021340B /* Release */,
			);
			defaultConfigurationIsVisible = 0;
			defaultConfigurationName = Release;
		};
/* End XCConfigurationList section */
	};
	rootObject = 30EB34B329426DAE0021340B /* Project object */;
}
